// !$*UTF8*$!
{
	archiveVersion = 1;
	classes = {
	};
	objectVersion = 56;
	objects = {

/* Begin PBXBuildFile section */
		841E95092C67754F007CD571 /* AppDelegate.swift in Sources */ = {isa = PBXBuildFile; fileRef = 841E95082C67754F007CD571 /* AppDelegate.swift */; };
		841E950B2C67754F007CD571 /* SceneDelegate.swift in Sources */ = {isa = PBXBuildFile; fileRef = 841E950A2C67754F007CD571 /* SceneDelegate.swift */; };
		841E950D2C67754F007CD571 /* NewsListViewController.swift in Sources */ = {isa = PBXBuildFile; fileRef = 841E950C2C67754F007CD571 /* NewsListViewController.swift */; };
		841E95132C67754F007CD571 /* NewsAppTest.xcdatamodeld in Sources */ = {isa = PBXBuildFile; fileRef = 841E95112C67754F007CD571 /* NewsAppTest.xcdatamodeld */; };
		841E95152C677551007CD571 /* Assets.xcassets in Resources */ = {isa = PBXBuildFile; fileRef = 841E95142C677551007CD571 /* Assets.xcassets */; };
		841E95202C6784D6007CD571 /* ControllerFactory.swift in Sources */ = {isa = PBXBuildFile; fileRef = 841E951F2C6784D6007CD571 /* ControllerFactory.swift */; };
		841E95222C67852B007CD571 /* TabBarController.swift in Sources */ = {isa = PBXBuildFile; fileRef = 841E95212C67852B007CD571 /* TabBarController.swift */; };
		841E95272C678630007CD571 /* Localizable.xcstrings in Resources */ = {isa = PBXBuildFile; fileRef = 841E95262C678630007CD571 /* Localizable.xcstrings */; };
		841E95292C678E8A007CD571 /* FavouritesViewController.swift in Sources */ = {isa = PBXBuildFile; fileRef = 841E95282C678E8A007CD571 /* FavouritesViewController.swift */; };
		841E95302C679A44007CD571 /* Kingfisher in Frameworks */ = {isa = PBXBuildFile; productRef = 841E952F2C679A44007CD571 /* Kingfisher */; };
		841E95322C679BB5007CD571 /* NewsListCell.swift in Sources */ = {isa = PBXBuildFile; fileRef = 841E95312C679BB5007CD571 /* NewsListCell.swift */; };
		841E95352C679C1A007CD571 /* ReuseIdentifying.swift in Sources */ = {isa = PBXBuildFile; fileRef = 841E95342C679C1A007CD571 /* ReuseIdentifying.swift */; };
		841E95382C67BB8D007CD571 /* NetworkClient.swift in Sources */ = {isa = PBXBuildFile; fileRef = 841E95372C67BB8D007CD571 /* NetworkClient.swift */; };
		841E953A2C67BB9D007CD571 /* NetworkRequest.swift in Sources */ = {isa = PBXBuildFile; fileRef = 841E95392C67BB9D007CD571 /* NetworkRequest.swift */; };
		841E953C2C67BBCF007CD571 /* NetworkTask.swift in Sources */ = {isa = PBXBuildFile; fileRef = 841E953B2C67BBCF007CD571 /* NetworkTask.swift */; };
		841E953E2C67BBE0007CD571 /* NetworkConstants.swift in Sources */ = {isa = PBXBuildFile; fileRef = 841E953D2C67BBE0007CD571 /* NetworkConstants.swift */; };
/* End PBXBuildFile section */

/* Begin PBXFileReference section */
		841E95052C67754F007CD571 /* NewsAppTest.app */ = {isa = PBXFileReference; explicitFileType = wrapper.application; includeInIndex = 0; path = NewsAppTest.app; sourceTree = BUILT_PRODUCTS_DIR; };
		841E95082C67754F007CD571 /* AppDelegate.swift */ = {isa = PBXFileReference; lastKnownFileType = sourcecode.swift; path = AppDelegate.swift; sourceTree = "<group>"; };
		841E950A2C67754F007CD571 /* SceneDelegate.swift */ = {isa = PBXFileReference; lastKnownFileType = sourcecode.swift; path = SceneDelegate.swift; sourceTree = "<group>"; };
		841E950C2C67754F007CD571 /* NewsListViewController.swift */ = {isa = PBXFileReference; lastKnownFileType = sourcecode.swift; path = NewsListViewController.swift; sourceTree = "<group>"; };
		841E95122C67754F007CD571 /* NewsAppTest.xcdatamodel */ = {isa = PBXFileReference; lastKnownFileType = wrapper.xcdatamodel; path = NewsAppTest.xcdatamodel; sourceTree = "<group>"; };
		841E95142C677551007CD571 /* Assets.xcassets */ = {isa = PBXFileReference; lastKnownFileType = folder.assetcatalog; path = Assets.xcassets; sourceTree = "<group>"; };
		841E95192C677551007CD571 /* Info.plist */ = {isa = PBXFileReference; lastKnownFileType = text.plist.xml; path = Info.plist; sourceTree = "<group>"; };
		841E951F2C6784D6007CD571 /* ControllerFactory.swift */ = {isa = PBXFileReference; lastKnownFileType = sourcecode.swift; path = ControllerFactory.swift; sourceTree = "<group>"; };
		841E95212C67852B007CD571 /* TabBarController.swift */ = {isa = PBXFileReference; lastKnownFileType = sourcecode.swift; path = TabBarController.swift; sourceTree = "<group>"; };
		841E95262C678630007CD571 /* Localizable.xcstrings */ = {isa = PBXFileReference; lastKnownFileType = text.json.xcstrings; path = Localizable.xcstrings; sourceTree = "<group>"; };
		841E95282C678E8A007CD571 /* FavouritesViewController.swift */ = {isa = PBXFileReference; lastKnownFileType = sourcecode.swift; path = FavouritesViewController.swift; sourceTree = "<group>"; };
		841E95312C679BB5007CD571 /* NewsListCell.swift */ = {isa = PBXFileReference; lastKnownFileType = sourcecode.swift; path = NewsListCell.swift; sourceTree = "<group>"; };
		841E95342C679C1A007CD571 /* ReuseIdentifying.swift */ = {isa = PBXFileReference; lastKnownFileType = sourcecode.swift; path = ReuseIdentifying.swift; sourceTree = "<group>"; };
		841E95372C67BB8D007CD571 /* NetworkClient.swift */ = {isa = PBXFileReference; lastKnownFileType = sourcecode.swift; path = NetworkClient.swift; sourceTree = "<group>"; };
		841E95392C67BB9D007CD571 /* NetworkRequest.swift */ = {isa = PBXFileReference; lastKnownFileType = sourcecode.swift; path = NetworkRequest.swift; sourceTree = "<group>"; };
		841E953B2C67BBCF007CD571 /* NetworkTask.swift */ = {isa = PBXFileReference; lastKnownFileType = sourcecode.swift; path = NetworkTask.swift; sourceTree = "<group>"; };
		841E953D2C67BBE0007CD571 /* NetworkConstants.swift */ = {isa = PBXFileReference; lastKnownFileType = sourcecode.swift; path = NetworkConstants.swift; sourceTree = "<group>"; };
/* End PBXFileReference section */

/* Begin PBXFrameworksBuildPhase section */
		841E95022C67754F007CD571 /* Frameworks */ = {
			isa = PBXFrameworksBuildPhase;
			buildActionMask = 2147483647;
			files = (
				841E95302C679A44007CD571 /* Kingfisher in Frameworks */,
			);
			runOnlyForDeploymentPostprocessing = 0;
		};
/* End PBXFrameworksBuildPhase section */

/* Begin PBXGroup section */
		841E94FC2C67754F007CD571 = {
			isa = PBXGroup;
			children = (
				841E95072C67754F007CD571 /* NewsAppTest */,
				841E95062C67754F007CD571 /* Products */,
			);
			sourceTree = "<group>";
		};
		841E95062C67754F007CD571 /* Products */ = {
			isa = PBXGroup;
			children = (
				841E95052C67754F007CD571 /* NewsAppTest.app */,
			);
			name = Products;
			sourceTree = "<group>";
		};
		841E95072C67754F007CD571 /* NewsAppTest */ = {
			isa = PBXGroup;
			children = (
				841E95252C6785B4007CD571 /* Localization */,
				841E95082C67754F007CD571 /* AppDelegate.swift */,
				841E950A2C67754F007CD571 /* SceneDelegate.swift */,
				841E952D2C679456007CD571 /* Controllers */,
				841E95332C679BF3007CD571 /* Services */,
				841E95142C677551007CD571 /* Assets.xcassets */,
				841E95192C677551007CD571 /* Info.plist */,
				841E95112C67754F007CD571 /* NewsAppTest.xcdatamodeld */,
			);
			path = NewsAppTest;
			sourceTree = "<group>";
		};
		841E95252C6785B4007CD571 /* Localization */ = {
			isa = PBXGroup;
			children = (
				841E95262C678630007CD571 /* Localizable.xcstrings */,
			);
			path = Localization;
			sourceTree = "<group>";
		};
		841E952A2C679415007CD571 /* TabBar */ = {
			isa = PBXGroup;
			children = (
				841E951F2C6784D6007CD571 /* ControllerFactory.swift */,
				841E95212C67852B007CD571 /* TabBarController.swift */,
			);
			path = TabBar;
			sourceTree = "<group>";
		};
		841E952B2C67942A007CD571 /* Favourites */ = {
			isa = PBXGroup;
			children = (
				841E95282C678E8A007CD571 /* FavouritesViewController.swift */,
			);
			path = Favourites;
			sourceTree = "<group>";
		};
		841E952C2C67943E007CD571 /* NewsList */ = {
			isa = PBXGroup;
			children = (
				841E950C2C67754F007CD571 /* NewsListViewController.swift */,
				841E95312C679BB5007CD571 /* NewsListCell.swift */,
			);
			path = NewsList;
			sourceTree = "<group>";
		};
		841E952D2C679456007CD571 /* Controllers */ = {
			isa = PBXGroup;
			children = (
				841E952C2C67943E007CD571 /* NewsList */,
				841E952B2C67942A007CD571 /* Favourites */,
				841E952A2C679415007CD571 /* TabBar */,
			);
			path = Controllers;
			sourceTree = "<group>";
		};
		841E95332C679BF3007CD571 /* Services */ = {
			isa = PBXGroup;
			children = (
				841E95362C67BB62007CD571 /* NetworkClient */,
				841E95342C679C1A007CD571 /* ReuseIdentifying.swift */,
			);
			path = Services;
			sourceTree = "<group>";
		};
		841E95362C67BB62007CD571 /* NetworkClient */ = {
			isa = PBXGroup;
			children = (
				841E95372C67BB8D007CD571 /* NetworkClient.swift */,
				841E95392C67BB9D007CD571 /* NetworkRequest.swift */,
				841E953B2C67BBCF007CD571 /* NetworkTask.swift */,
				841E953D2C67BBE0007CD571 /* NetworkConstants.swift */,
			);
			path = NetworkClient;
			sourceTree = "<group>";
		};
/* End PBXGroup section */

/* Begin PBXNativeTarget section */
		841E95042C67754F007CD571 /* NewsAppTest */ = {
			isa = PBXNativeTarget;
			buildConfigurationList = 841E951C2C677551007CD571 /* Build configuration list for PBXNativeTarget "NewsAppTest" */;
			buildPhases = (
				841E95012C67754F007CD571 /* Sources */,
				841E95022C67754F007CD571 /* Frameworks */,
				841E95032C67754F007CD571 /* Resources */,
			);
			buildRules = (
			);
			dependencies = (
			);
			name = NewsAppTest;
			packageProductDependencies = (
				841E952F2C679A44007CD571 /* Kingfisher */,
			);
			productName = NewsAppTest;
			productReference = 841E95052C67754F007CD571 /* NewsAppTest.app */;
			productType = "com.apple.product-type.application";
		};
/* End PBXNativeTarget section */

/* Begin PBXProject section */
		841E94FD2C67754F007CD571 /* Project object */ = {
			isa = PBXProject;
			attributes = {
				BuildIndependentTargetsInParallel = 1;
				LastSwiftUpdateCheck = 1540;
				LastUpgradeCheck = 1540;
				TargetAttributes = {
					841E95042C67754F007CD571 = {
						CreatedOnToolsVersion = 15.4;
					};
				};
			};
			buildConfigurationList = 841E95002C67754F007CD571 /* Build configuration list for PBXProject "NewsAppTest" */;
			compatibilityVersion = "Xcode 14.0";
			developmentRegion = ru;
			hasScannedForEncodings = 0;
			knownRegions = (
				en,
				Base,
				ru,
			);
			mainGroup = 841E94FC2C67754F007CD571;
			packageReferences = (
				841E952E2C679A44007CD571 /* XCRemoteSwiftPackageReference "Kingfisher" */,
			);
			productRefGroup = 841E95062C67754F007CD571 /* Products */;
			projectDirPath = "";
			projectRoot = "";
			targets = (
				841E95042C67754F007CD571 /* NewsAppTest */,
			);
		};
/* End PBXProject section */

/* Begin PBXResourcesBuildPhase section */
		841E95032C67754F007CD571 /* Resources */ = {
			isa = PBXResourcesBuildPhase;
			buildActionMask = 2147483647;
			files = (
				841E95272C678630007CD571 /* Localizable.xcstrings in Resources */,
				841E95152C677551007CD571 /* Assets.xcassets in Resources */,
			);
			runOnlyForDeploymentPostprocessing = 0;
		};
/* End PBXResourcesBuildPhase section */

/* Begin PBXSourcesBuildPhase section */
		841E95012C67754F007CD571 /* Sources */ = {
			isa = PBXSourcesBuildPhase;
			buildActionMask = 2147483647;
			files = (
				841E953E2C67BBE0007CD571 /* NetworkConstants.swift in Sources */,
				841E950D2C67754F007CD571 /* NewsListViewController.swift in Sources */,
				841E953C2C67BBCF007CD571 /* NetworkTask.swift in Sources */,
				841E95382C67BB8D007CD571 /* NetworkClient.swift in Sources */,
				841E95352C679C1A007CD571 /* ReuseIdentifying.swift in Sources */,
				841E95092C67754F007CD571 /* AppDelegate.swift in Sources */,
				841E95292C678E8A007CD571 /* FavouritesViewController.swift in Sources */,
				841E95202C6784D6007CD571 /* ControllerFactory.swift in Sources */,
				841E95222C67852B007CD571 /* TabBarController.swift in Sources */,
				841E95132C67754F007CD571 /* NewsAppTest.xcdatamodeld in Sources */,
				841E953A2C67BB9D007CD571 /* NetworkRequest.swift in Sources */,
				841E95322C679BB5007CD571 /* NewsListCell.swift in Sources */,
				841E950B2C67754F007CD571 /* SceneDelegate.swift in Sources */,
			);
			runOnlyForDeploymentPostprocessing = 0;
		};
/* End PBXSourcesBuildPhase section */

/* Begin XCBuildConfiguration section */
		841E951A2C677551007CD571 /* Debug */ = {
			isa = XCBuildConfiguration;
			buildSettings = {
				ALWAYS_SEARCH_USER_PATHS = NO;
				ASSETCATALOG_COMPILER_GENERATE_SWIFT_ASSET_SYMBOL_EXTENSIONS = YES;
				CLANG_ANALYZER_NONNULL = YES;
				CLANG_ANALYZER_NUMBER_OBJECT_CONVERSION = YES_AGGRESSIVE;
				CLANG_CXX_LANGUAGE_STANDARD = "gnu++20";
				CLANG_ENABLE_MODULES = YES;
				CLANG_ENABLE_OBJC_ARC = YES;
				CLANG_ENABLE_OBJC_WEAK = YES;
				CLANG_WARN_BLOCK_CAPTURE_AUTORELEASING = YES;
				CLANG_WARN_BOOL_CONVERSION = YES;
				CLANG_WARN_COMMA = YES;
				CLANG_WARN_CONSTANT_CONVERSION = YES;
				CLANG_WARN_DEPRECATED_OBJC_IMPLEMENTATIONS = YES;
				CLANG_WARN_DIRECT_OBJC_ISA_USAGE = YES_ERROR;
				CLANG_WARN_DOCUMENTATION_COMMENTS = YES;
				CLANG_WARN_EMPTY_BODY = YES;
				CLANG_WARN_ENUM_CONVERSION = YES;
				CLANG_WARN_INFINITE_RECURSION = YES;
				CLANG_WARN_INT_CONVERSION = YES;
				CLANG_WARN_NON_LITERAL_NULL_CONVERSION = YES;
				CLANG_WARN_OBJC_IMPLICIT_RETAIN_SELF = YES;
				CLANG_WARN_OBJC_LITERAL_CONVERSION = YES;
				CLANG_WARN_OBJC_ROOT_CLASS = YES_ERROR;
				CLANG_WARN_QUOTED_INCLUDE_IN_FRAMEWORK_HEADER = YES;
				CLANG_WARN_RANGE_LOOP_ANALYSIS = YES;
				CLANG_WARN_STRICT_PROTOTYPES = YES;
				CLANG_WARN_SUSPICIOUS_MOVE = YES;
				CLANG_WARN_UNGUARDED_AVAILABILITY = YES_AGGRESSIVE;
				CLANG_WARN_UNREACHABLE_CODE = YES;
				CLANG_WARN__DUPLICATE_METHOD_MATCH = YES;
				COPY_PHASE_STRIP = NO;
				DEBUG_INFORMATION_FORMAT = dwarf;
				ENABLE_STRICT_OBJC_MSGSEND = YES;
				ENABLE_TESTABILITY = YES;
				ENABLE_USER_SCRIPT_SANDBOXING = YES;
				GCC_C_LANGUAGE_STANDARD = gnu17;
				GCC_DYNAMIC_NO_PIC = NO;
				GCC_NO_COMMON_BLOCKS = YES;
				GCC_OPTIMIZATION_LEVEL = 0;
				GCC_PREPROCESSOR_DEFINITIONS = (
					"DEBUG=1",
					"$(inherited)",
				);
				GCC_WARN_64_TO_32_BIT_CONVERSION = YES;
				GCC_WARN_ABOUT_RETURN_TYPE = YES_ERROR;
				GCC_WARN_UNDECLARED_SELECTOR = YES;
				GCC_WARN_UNINITIALIZED_AUTOS = YES_AGGRESSIVE;
				GCC_WARN_UNUSED_FUNCTION = YES;
				GCC_WARN_UNUSED_VARIABLE = YES;
				IPHONEOS_DEPLOYMENT_TARGET = 17.5;
				LOCALIZATION_PREFERS_STRING_CATALOGS = YES;
				MTL_ENABLE_DEBUG_INFO = INCLUDE_SOURCE;
				MTL_FAST_MATH = YES;
				ONLY_ACTIVE_ARCH = YES;
				SDKROOT = iphoneos;
				SWIFT_ACTIVE_COMPILATION_CONDITIONS = "DEBUG $(inherited)";
				SWIFT_OPTIMIZATION_LEVEL = "-Onone";
			};
			name = Debug;
		};
		841E951B2C677551007CD571 /* Release */ = {
			isa = XCBuildConfiguration;
			buildSettings = {
				ALWAYS_SEARCH_USER_PATHS = NO;
				ASSETCATALOG_COMPILER_GENERATE_SWIFT_ASSET_SYMBOL_EXTENSIONS = YES;
				CLANG_ANALYZER_NONNULL = YES;
				CLANG_ANALYZER_NUMBER_OBJECT_CONVERSION = YES_AGGRESSIVE;
				CLANG_CXX_LANGUAGE_STANDARD = "gnu++20";
				CLANG_ENABLE_MODULES = YES;
				CLANG_ENABLE_OBJC_ARC = YES;
				CLANG_ENABLE_OBJC_WEAK = YES;
				CLANG_WARN_BLOCK_CAPTURE_AUTORELEASING = YES;
				CLANG_WARN_BOOL_CONVERSION = YES;
				CLANG_WARN_COMMA = YES;
				CLANG_WARN_CONSTANT_CONVERSION = YES;
				CLANG_WARN_DEPRECATED_OBJC_IMPLEMENTATIONS = YES;
				CLANG_WARN_DIRECT_OBJC_ISA_USAGE = YES_ERROR;
				CLANG_WARN_DOCUMENTATION_COMMENTS = YES;
				CLANG_WARN_EMPTY_BODY = YES;
				CLANG_WARN_ENUM_CONVERSION = YES;
				CLANG_WARN_INFINITE_RECURSION = YES;
				CLANG_WARN_INT_CONVERSION = YES;
				CLANG_WARN_NON_LITERAL_NULL_CONVERSION = YES;
				CLANG_WARN_OBJC_IMPLICIT_RETAIN_SELF = YES;
				CLANG_WARN_OBJC_LITERAL_CONVERSION = YES;
				CLANG_WARN_OBJC_ROOT_CLASS = YES_ERROR;
				CLANG_WARN_QUOTED_INCLUDE_IN_FRAMEWORK_HEADER = YES;
				CLANG_WARN_RANGE_LOOP_ANALYSIS = YES;
				CLANG_WARN_STRICT_PROTOTYPES = YES;
				CLANG_WARN_SUSPICIOUS_MOVE = YES;
				CLANG_WARN_UNGUARDED_AVAILABILITY = YES_AGGRESSIVE;
				CLANG_WARN_UNREACHABLE_CODE = YES;
				CLANG_WARN__DUPLICATE_METHOD_MATCH = YES;
				COPY_PHASE_STRIP = NO;
				DEBUG_INFORMATION_FORMAT = "dwarf-with-dsym";
				ENABLE_NS_ASSERTIONS = NO;
				ENABLE_STRICT_OBJC_MSGSEND = YES;
				ENABLE_USER_SCRIPT_SANDBOXING = YES;
				GCC_C_LANGUAGE_STANDARD = gnu17;
				GCC_NO_COMMON_BLOCKS = YES;
				GCC_WARN_64_TO_32_BIT_CONVERSION = YES;
				GCC_WARN_ABOUT_RETURN_TYPE = YES_ERROR;
				GCC_WARN_UNDECLARED_SELECTOR = YES;
				GCC_WARN_UNINITIALIZED_AUTOS = YES_AGGRESSIVE;
				GCC_WARN_UNUSED_FUNCTION = YES;
				GCC_WARN_UNUSED_VARIABLE = YES;
				IPHONEOS_DEPLOYMENT_TARGET = 17.5;
				LOCALIZATION_PREFERS_STRING_CATALOGS = YES;
				MTL_ENABLE_DEBUG_INFO = NO;
				MTL_FAST_MATH = YES;
				SDKROOT = iphoneos;
				SWIFT_COMPILATION_MODE = wholemodule;
				VALIDATE_PRODUCT = YES;
			};
			name = Release;
		};
		841E951D2C677551007CD571 /* Debug */ = {
			isa = XCBuildConfiguration;
			buildSettings = {
				ASSETCATALOG_COMPILER_APPICON_NAME = AppIcon;
				ASSETCATALOG_COMPILER_GLOBAL_ACCENT_COLOR_NAME = AccentColor;
				CODE_SIGN_STYLE = Automatic;
				CURRENT_PROJECT_VERSION = 1;
				DEVELOPMENT_TEAM = VHDFTCABKC;
				GENERATE_INFOPLIST_FILE = YES;
				INFOPLIST_FILE = NewsAppTest/Info.plist;
				INFOPLIST_KEY_UIApplicationSupportsIndirectInputEvents = YES;
				INFOPLIST_KEY_UILaunchStoryboardName = LaunchScreen;
				INFOPLIST_KEY_UISupportedInterfaceOrientations = UIInterfaceOrientationPortrait;
				INFOPLIST_KEY_UISupportedInterfaceOrientations_iPad = "UIInterfaceOrientationLandscapeLeft UIInterfaceOrientationLandscapeRight UIInterfaceOrientationPortrait UIInterfaceOrientationPortraitUpsideDown";
				LD_RUNPATH_SEARCH_PATHS = (
					"$(inherited)",
					"@executable_path/Frameworks",
				);
				MARKETING_VERSION = 1.0;
				PRODUCT_BUNDLE_IDENTIFIER = ru.EgorChekulaev.NewsAppTest;
				PRODUCT_NAME = "$(TARGET_NAME)";
				SUPPORTED_PLATFORMS = "iphoneos iphonesimulator";
				SUPPORTS_MACCATALYST = NO;
				SUPPORTS_XR_DESIGNED_FOR_IPHONE_IPAD = NO;
				SWIFT_EMIT_LOC_STRINGS = YES;
				SWIFT_VERSION = 5.0;
				TARGETED_DEVICE_FAMILY = 1;
			};
			name = Debug;
		};
		841E951E2C677551007CD571 /* Release */ = {
			isa = XCBuildConfiguration;
			buildSettings = {
				ASSETCATALOG_COMPILER_APPICON_NAME = AppIcon;
				ASSETCATALOG_COMPILER_GLOBAL_ACCENT_COLOR_NAME = AccentColor;
				CODE_SIGN_STYLE = Automatic;
				CURRENT_PROJECT_VERSION = 1;
				DEVELOPMENT_TEAM = VHDFTCABKC;
				GENERATE_INFOPLIST_FILE = YES;
				INFOPLIST_FILE = NewsAppTest/Info.plist;
				INFOPLIST_KEY_UIApplicationSupportsIndirectInputEvents = YES;
				INFOPLIST_KEY_UILaunchStoryboardName = LaunchScreen;
				INFOPLIST_KEY_UISupportedInterfaceOrientations = UIInterfaceOrientationPortrait;
				INFOPLIST_KEY_UISupportedInterfaceOrientations_iPad = "UIInterfaceOrientationLandscapeLeft UIInterfaceOrientationLandscapeRight UIInterfaceOrientationPortrait UIInterfaceOrientationPortraitUpsideDown";
				LD_RUNPATH_SEARCH_PATHS = (
					"$(inherited)",
					"@executable_path/Frameworks",
				);
				MARKETING_VERSION = 1.0;
				PRODUCT_BUNDLE_IDENTIFIER = ru.EgorChekulaev.NewsAppTest;
				PRODUCT_NAME = "$(TARGET_NAME)";
				SUPPORTED_PLATFORMS = "iphoneos iphonesimulator";
				SUPPORTS_MACCATALYST = NO;
				SUPPORTS_XR_DESIGNED_FOR_IPHONE_IPAD = NO;
				SWIFT_EMIT_LOC_STRINGS = YES;
				SWIFT_VERSION = 5.0;
				TARGETED_DEVICE_FAMILY = 1;
			};
			name = Release;
		};
/* End XCBuildConfiguration section */

/* Begin XCConfigurationList section */
		841E95002C67754F007CD571 /* Build configuration list for PBXProject "NewsAppTest" */ = {
			isa = XCConfigurationList;
			buildConfigurations = (
				841E951A2C677551007CD571 /* Debug */,
				841E951B2C677551007CD571 /* Release */,
			);
			defaultConfigurationIsVisible = 0;
			defaultConfigurationName = Release;
		};
		841E951C2C677551007CD571 /* Build configuration list for PBXNativeTarget "NewsAppTest" */ = {
			isa = XCConfigurationList;
			buildConfigurations = (
				841E951D2C677551007CD571 /* Debug */,
				841E951E2C677551007CD571 /* Release */,
			);
			defaultConfigurationIsVisible = 0;
			defaultConfigurationName = Release;
		};
/* End XCConfigurationList section */

/* Begin XCRemoteSwiftPackageReference section */
		841E952E2C679A44007CD571 /* XCRemoteSwiftPackageReference "Kingfisher" */ = {
			isa = XCRemoteSwiftPackageReference;
			repositoryURL = "https://github.com/onevcat/Kingfisher.git";
			requirement = {
				kind = upToNextMajorVersion;
				minimumVersion = 7.12.0;
			};
		};
/* End XCRemoteSwiftPackageReference section */

/* Begin XCSwiftPackageProductDependency section */
		841E952F2C679A44007CD571 /* Kingfisher */ = {
			isa = XCSwiftPackageProductDependency;
			package = 841E952E2C679A44007CD571 /* XCRemoteSwiftPackageReference "Kingfisher" */;
			productName = Kingfisher;
		};
/* End XCSwiftPackageProductDependency section */

/* Begin XCVersionGroup section */
		841E95112C67754F007CD571 /* NewsAppTest.xcdatamodeld */ = {
			isa = XCVersionGroup;
			children = (
				841E95122C67754F007CD571 /* NewsAppTest.xcdatamodel */,
			);
			currentVersion = 841E95122C67754F007CD571 /* NewsAppTest.xcdatamodel */;
			path = NewsAppTest.xcdatamodeld;
			sourceTree = "<group>";
			versionGroupType = wrapper.xcdatamodel;
		};
/* End XCVersionGroup section */
	};
	rootObject = 841E94FD2C67754F007CD571 /* Project object */;
}
